
Microsoft Visual Studio Solution File, Format Version 12.00
# Visual Studio Version 16
VisualStudioVersion = 16.0.29403.142
MinimumVisualStudioVersion = 10.0.40219.1
Project("{FAE04EC0-301F-11D3-BF4B-00C04F79EFBC}") = "TimerEvents3", "TimerEvents3\TimerEvents3.csproj", "{8E9C8BF3-01DD-4D6D-904E-B2C0E3659D75}"
EndProject
Global
	GlobalSection(SolutionConfigurationPlatforms) = preSolution
		Debug|Any CPU = Debug|Any CPU
		Release|Any CPU = Release|Any CPU
	EndGlobalSection
	GlobalSection(ProjectConfigurationPlatforms) = postSolution
		{8E9C8BF3-01DD-4D6D-904E-B2C0E3659D75}.Debug|Any CPU.ActiveCfg = Debug|Any CPU
		{8E9C8BF3-01DD-4D6D-904E-B2C0E3659D75}.Debug|Any CPU.Build.0 = Debug|Any CPU
		{8E9C8BF3-01DD-4D6D-904E-B2C0E3659D75}.Release|Any CPU.ActiveCfg = Release|Any CPU
		{8E9C8BF3-01DD-4D6D-904E-B2C0E3659D75}.Release|Any CPU.Build.0 = Release|Any CPU
	EndGlobalSection
	GlobalSection(SolutionProperties) = preSolution
		HideSolutionNode = FALSE
	EndGlobalSection
	GlobalSection(ExtensibilityGlobals) = postSolution
		SolutionGuid = {EE2B7D0C-9AFD-41FB-9B3B-FA7D5426AFD4}
	EndGlobalSection
EndGlobal
